{
  "version": 4,
  "terraform_version": "1.2.2",
  "serial": 6,
  "lineage": "d9549a73-02bc-be22-5719-32b2bfd5f6ac",
  "outputs": {},
  "resources": [
    {
      "mode": "managed",
      "type": "splunk_data_ui_views",
      "name": "terraform_operations",
      "provider": "provider[\"registry.terraform.io/splunk/splunk\"]",
      "instances": [
        {
          "schema_version": 0,
          "attributes": {
            "acl": [
              {
                "app": "TFDashboard",
                "can_change_perms": true,
                "can_share_app": true,
                "can_share_global": true,
                "can_share_user": true,
                "can_write": true,
                "owner": "awsome",
                "read": [
                  "*"
                ],
                "removable": true,
                "sharing": "app",
                "write": [
                  "admin",
                  "power"
                ]
              }
            ],
            "eai_data": "\u003cdashboard version=\"1.1\"\u003e\n  \u003clabel\u003eDashboardDeployedFromTerraform-XML\u003c/label\u003e\n  \u003crow\u003e\n    \u003cpanel\u003e\n      \u003ctitle\u003eWorld Of Cheese - Pricing Reports\u003c/title\u003e\n      \u003cevent\u003e\n        \u003csearch\u003e\n          \u003cquery\u003eindex = \"pricestutorial\" AND *World*\u003c/query\u003e\n          \u003cearliest\u003ert-2000d\u003c/earliest\u003e\n          \u003clatest\u003ert-0m\u003c/latest\u003e\n          \u003csampleRatio\u003e1\u003c/sampleRatio\u003e\n        \u003c/search\u003e\n        \u003coption name=\"list.drilldown\"\u003enone\u003c/option\u003e\n        \u003coption name=\"list.wrap\"\u003e1\u003c/option\u003e\n        \u003coption name=\"maxLines\"\u003e5\u003c/option\u003e\n        \u003coption name=\"raw.drilldown\"\u003efull\u003c/option\u003e\n        \u003coption name=\"rowNumbers\"\u003e0\u003c/option\u003e\n        \u003coption name=\"table.drilldown\"\u003eall\u003c/option\u003e\n        \u003coption name=\"table.sortDirection\"\u003easc\u003c/option\u003e\n        \u003coption name=\"table.wrap\"\u003e1\u003c/option\u003e\n        \u003coption name=\"type\"\u003elist\u003c/option\u003e\n      \u003c/event\u003e\n    \u003c/panel\u003e\n  \u003c/row\u003e\n  \u003crow\u003e\n    \u003cpanel\u003e\n      \u003ctitle\u003eManganiello Bros Pricing Report\u003c/title\u003e\n      \u003cevent\u003e\n        \u003csearch\u003e\n          \u003cquery\u003eindex = \"pricestutorial\" AND *Manganiello*\u003c/query\u003e\n          \u003cearliest\u003ert-2000d\u003c/earliest\u003e\n          \u003clatest\u003ert-0m\u003c/latest\u003e\n          \u003csampleRatio\u003e1\u003c/sampleRatio\u003e\n        \u003c/search\u003e\n        \u003coption name=\"list.drilldown\"\u003enone\u003c/option\u003e\n        \u003coption name=\"list.wrap\"\u003e1\u003c/option\u003e\n        \u003coption name=\"maxLines\"\u003e5\u003c/option\u003e\n        \u003coption name=\"raw.drilldown\"\u003efull\u003c/option\u003e\n        \u003coption name=\"rowNumbers\"\u003e0\u003c/option\u003e\n        \u003coption name=\"table.drilldown\"\u003eall\u003c/option\u003e\n        \u003coption name=\"table.sortDirection\"\u003easc\u003c/option\u003e\n        \u003coption name=\"table.wrap\"\u003e1\u003c/option\u003e\n        \u003coption name=\"type\"\u003elist\u003c/option\u003e\n      \u003c/event\u003e\n    \u003c/panel\u003e\n  \u003c/row\u003e\n  \u003crow\u003e\n    \u003cpanel\u003e\n      \u003ctitle\u003eManganiello Bros Count Vs Time Chart\u003c/title\u003e\n      \u003cchart\u003e\n        \u003csearch\u003e\n          \u003cquery\u003eindex = \"pricestutorial\" AND *Manganiello* | stats count(source) by product_name,_time\u003c/query\u003e\n          \u003cearliest\u003ert-2000d\u003c/earliest\u003e\n          \u003clatest\u003ert-0m\u003c/latest\u003e\n          \u003csampleRatio\u003e1\u003c/sampleRatio\u003e\n        \u003c/search\u003e\n        \u003coption name=\"charting.chart\"\u003ebar\u003c/option\u003e\n      \u003c/chart\u003e\n    \u003c/panel\u003e\n  \u003c/row\u003e\n\u003c/dashboard\u003e\n",
            "id": "DashboardDeployedFromTerraform-XML",
            "name": "DashboardDeployedFromTerraform-XML"
          },
          "sensitive_attributes": [],
          "private": "bnVsbA=="
        }
      ]
    },
    {
      "mode": "managed",
      "type": "splunk_saved_searches",
      "name": "new-search-01",
      "provider": "provider[\"registry.terraform.io/splunk/splunk\"]",
      "instances": [
        {
          "schema_version": 1,
          "attributes": {
            "acl": [
              {
                "app": "search",
                "can_change_perms": true,
                "can_share_app": true,
                "can_share_global": true,
                "can_share_user": true,
                "can_write": true,
                "owner": "awsome",
                "read": [
                  "*"
                ],
                "removable": true,
                "sharing": "app",
                "write": [
                  "admin",
                  "power"
                ]
              }
            ],
            "action_email": true,
            "action_email_auth_password": "$7$ND3sXj8rySP3wdX1cQ3VmudNpQDdo9/zYcH45OETW9kkTsmmrXPz0dU=",
            "action_email_auth_username": "oayorinde@awsomellc.com",
            "action_email_bcc": "",
            "action_email_cc": "",
            "action_email_command": "$action.email.preprocess_results{default=\"\"}$ | sendemail \"results_link=$results.url$\" \"ssname=$name$\" \"graceful=$graceful{default=True}$\" \"trigger_time=$trigger_time$\" maxinputs=\"$action.email.maxresults{default=10000}$\" maxtime=\"$action.email.maxtime{default=5m}$\" results_file=\"$results.file$\"",
            "action_email_format": "table",
            "action_email_from": "splunk",
            "action_email_hostname": null,
            "action_email_include_results_link": 1,
            "action_email_include_search": 0,
            "action_email_include_trigger": 0,
            "action_email_include_trigger_time": 0,
            "action_email_include_view_link": 1,
            "action_email_inline": false,
            "action_email_mailserver": "smtp.gmail.com:465",
            "action_email_max_results": 10000,
            "action_email_max_time": "5m",
            "action_email_message_alert": "The alert condition for '$name$' was triggered.",
            "action_email_message_report": "The scheduled report '$name$' has run.",
            "action_email_pdfview": "",
            "action_email_preprocess_results": "",
            "action_email_report_cid_font_list": "gb cns jp kor",
            "action_email_report_include_splunk_logo": false,
            "action_email_report_paper_orientation": "portrait",
            "action_email_report_paper_size": "letter",
            "action_email_report_server_enabled": false,
            "action_email_report_server_url": "",
            "action_email_send_csv": 0,
            "action_email_send_pdf": false,
            "action_email_send_results": false,
            "action_email_subject": "Splunk Alert:$name$",
            "action_email_to": "oayorinde@awesomellc.com",
            "action_email_track_alert": true,
            "action_email_ttl": "86400",
            "action_email_use_ssl": false,
            "action_email_use_tls": false,
            "action_email_width_sort_columns": false,
            "action_populate_lookup": false,
            "action_populate_lookup_command": "copyresults dest=\"$action.populate_lookup.dest$\"  sid=\"$search_id$\"",
            "action_populate_lookup_dest": "",
            "action_populate_lookup_hostname": "",
            "action_populate_lookup_max_results": 10000,
            "action_populate_lookup_max_time": 0,
            "action_populate_lookup_track_alert": false,
            "action_populate_lookup_ttl": "120",
            "action_rss": false,
            "action_rss_command": "createrss \"path=$name$.xml\" \"name=$name$\" \"link=$results.url$\" \"descr=Alert trigger: $name$, results.count=$results.count$ \" \"count=30\" \"graceful=$graceful{default=1}$\" maxtime=\"$action.rss.maxtime{default=1m}$\"",
            "action_rss_hostname": "",
            "action_rss_max_results": 10000,
            "action_rss_max_time": 0,
            "action_rss_track_alert": false,
            "action_rss_ttl": "86400",
            "action_script": false,
            "action_script_command": "runshellscript \"$action.script.filename$\" \"$results.count$\" \"$search$\" \"$search$\" \"$name$\" \"Saved Search [$name$] $counttype$($results.count$)\" \"$results.url$\" \"$deprecated_arg$\" \"$search_id$\" \"$results.file$\" maxtime=\"$action.script.maxtime{default=5m}$\"",
            "action_script_filename": "",
            "action_script_hostname": "",
            "action_script_max_results": 10000,
            "action_script_max_time": 0,
            "action_script_track_alert": false,
            "action_script_ttl": "600",
            "action_slack_param_attachment": "none",
            "action_slack_param_channel": "",
            "action_slack_param_fields": "",
            "action_slack_param_message": "",
            "action_slack_param_webhook_url_override": "",
            "action_summary_index": false,
            "action_summary_index_command": "summaryindex spool=t uselb=t addtime=t index=\"$action.summary_index._name{required=yes}$\" file=\"$name_hash$_$#random$.stash_new\" name=\"$name$\" marker=\"$action.summary_index*{format=$KEY=\\\\\\\"$VAL\\\\\\\", key_regex=\"action.summary_index.(?!(?:command|forceCsvResults|force_realtime_schedule|inline|maxresults|maxtime|python\\\\.version|ttl|track_alert|(?:_.*))$)(.*)\"}$\"",
            "action_summary_index_hostname": "",
            "action_summary_index_inline": false,
            "action_summary_index_max_results": 10000,
            "action_summary_index_max_time": 0,
            "action_summary_index_name": "summary",
            "action_summary_index_track_alert": false,
            "action_summary_index_ttl": "120",
            "actions": "email",
            "alert_comparator": "",
            "alert_condition": "",
            "alert_digest_mode": false,
            "alert_expires": "24h",
            "alert_severity": 3,
            "alert_suppress": false,
            "alert_suppress_fields": "",
            "alert_suppress_period": "",
            "alert_threshold": "",
            "alert_track": false,
            "alert_type": "always",
            "allow_skew": "0",
            "auto_summarize": false,
            "auto_summarize_command": "| summarize override=partial timespan=$auto_summarize.timespan$ max_summary_size=$auto_summarize.max_summary_size$ max_summary_ratio=$auto_summarize.max_summary_ratio$ max_disabled_buckets=$auto_summarize.max_disabled_buckets$ max_time=$auto_summarize.max_time$ [ $search$ ]",
            "auto_summarize_cron_schedule": "*/10 * * * *",
            "auto_summarize_dispatch_earliest_time": "",
            "auto_summarize_dispatch_latest_time": "",
            "auto_summarize_dispatch_time_format": "%FT%T.%Q%:z",
            "auto_summarize_dispatch_ttl": "60",
            "auto_summarize_max_disabled_buckets": 2,
            "auto_summarize_max_summary_ratio": 0.1,
            "auto_summarize_max_summary_size": 52428800,
            "auto_summarize_max_time": 0,
            "auto_summarize_suspend_period": "24h",
            "auto_summarize_timespan": "",
            "cron_schedule": "*/15 * * * *",
            "description": "New search for user01",
            "disabled": false,
            "dispatch_buckets": 0,
            "dispatch_earliest_time": "rt-2000d",
            "dispatch_index_earliest": "",
            "dispatch_index_latest": "",
            "dispatch_indexed_realtime": false,
            "dispatch_indexed_realtime_minspan": 0,
            "dispatch_indexed_realtime_offset": 0,
            "dispatch_latest_time": "rt-0m",
            "dispatch_lookups": false,
            "dispatch_max_count": 500000,
            "dispatch_max_time": 0,
            "dispatch_reduce_freq": 10,
            "dispatch_rt_backfill": false,
            "dispatch_rt_maximum_span": 0,
            "dispatch_spawn_process": false,
            "dispatch_time_format": "%FT%T.%Q%:z",
            "dispatch_ttl": "2p",
            "display_view": "",
            "id": "new-search-01",
            "is_scheduled": false,
            "is_visible": true,
            "max_concurrent": 1,
            "name": "new-search-01",
            "realtime_schedule": false,
            "request_ui_dispatch_app": "",
            "request_ui_dispatch_view": "",
            "restart_on_searchpeer_add": false,
            "run_on_startup": false,
            "schedule_priority": "default",
            "schedule_window": "0",
            "search": "index = \"pricestutorial\" AND *Manganiello*",
            "vsid": "",
            "workload_pool": ""
          },
          "sensitive_attributes": [],
          "private": "eyJzY2hlbWFfdmVyc2lvbiI6IjEifQ=="
        }
      ]
    },
    {
      "mode": "managed",
      "type": "splunk_saved_searches",
      "name": "new-search-02",
      "provider": "provider[\"registry.terraform.io/splunk/splunk\"]",
      "instances": [
        {
          "schema_version": 1,
          "attributes": {
            "acl": [
              {
                "app": "search",
                "can_change_perms": true,
                "can_share_app": true,
                "can_share_global": true,
                "can_share_user": true,
                "can_write": true,
                "owner": "awsome",
                "read": [
                  "*"
                ],
                "removable": true,
                "sharing": "app",
                "write": [
                  "admin",
                  "power"
                ]
              }
            ],
            "action_email": true,
            "action_email_auth_password": "$7$ND3sXj8rySP3wdX1cQ3VmudNpQDdo9/zYcH45OETW9kkTsmmrXPz0dU=",
            "action_email_auth_username": "oayorinde@awsomellc.com",
            "action_email_bcc": "",
            "action_email_cc": "",
            "action_email_command": "$action.email.preprocess_results{default=\"\"}$ | sendemail \"results_link=$results.url$\" \"ssname=$name$\" \"graceful=$graceful{default=True}$\" \"trigger_time=$trigger_time$\" maxinputs=\"$action.email.maxresults{default=10000}$\" maxtime=\"$action.email.maxtime{default=5m}$\" results_file=\"$results.file$\"",
            "action_email_format": "table",
            "action_email_from": "splunk",
            "action_email_hostname": null,
            "action_email_include_results_link": 1,
            "action_email_include_search": 0,
            "action_email_include_trigger": 0,
            "action_email_include_trigger_time": 0,
            "action_email_include_view_link": 1,
            "action_email_inline": false,
            "action_email_mailserver": "smtp.gmail.com:465",
            "action_email_max_results": 10000,
            "action_email_max_time": "5m",
            "action_email_message_alert": "The alert condition for '$name$' was triggered.",
            "action_email_message_report": "The scheduled report '$name$' has run.",
            "action_email_pdfview": "",
            "action_email_preprocess_results": "",
            "action_email_report_cid_font_list": "gb cns jp kor",
            "action_email_report_include_splunk_logo": false,
            "action_email_report_paper_orientation": "portrait",
            "action_email_report_paper_size": "letter",
            "action_email_report_server_enabled": false,
            "action_email_report_server_url": "",
            "action_email_send_csv": 0,
            "action_email_send_pdf": false,
            "action_email_send_results": false,
            "action_email_subject": "Splunk Alert:$name$",
            "action_email_to": "oayorinde@awesomellc.com",
            "action_email_track_alert": true,
            "action_email_ttl": "86400",
            "action_email_use_ssl": false,
            "action_email_use_tls": false,
            "action_email_width_sort_columns": false,
            "action_populate_lookup": false,
            "action_populate_lookup_command": "copyresults dest=\"$action.populate_lookup.dest$\"  sid=\"$search_id$\"",
            "action_populate_lookup_dest": "",
            "action_populate_lookup_hostname": "",
            "action_populate_lookup_max_results": 10000,
            "action_populate_lookup_max_time": 0,
            "action_populate_lookup_track_alert": false,
            "action_populate_lookup_ttl": "120",
            "action_rss": false,
            "action_rss_command": "createrss \"path=$name$.xml\" \"name=$name$\" \"link=$results.url$\" \"descr=Alert trigger: $name$, results.count=$results.count$ \" \"count=30\" \"graceful=$graceful{default=1}$\" maxtime=\"$action.rss.maxtime{default=1m}$\"",
            "action_rss_hostname": "",
            "action_rss_max_results": 10000,
            "action_rss_max_time": 0,
            "action_rss_track_alert": false,
            "action_rss_ttl": "86400",
            "action_script": false,
            "action_script_command": "runshellscript \"$action.script.filename$\" \"$results.count$\" \"$search$\" \"$search$\" \"$name$\" \"Saved Search [$name$] $counttype$($results.count$)\" \"$results.url$\" \"$deprecated_arg$\" \"$search_id$\" \"$results.file$\" maxtime=\"$action.script.maxtime{default=5m}$\"",
            "action_script_filename": "",
            "action_script_hostname": "",
            "action_script_max_results": 10000,
            "action_script_max_time": 0,
            "action_script_track_alert": false,
            "action_script_ttl": "600",
            "action_slack_param_attachment": "none",
            "action_slack_param_channel": "",
            "action_slack_param_fields": "",
            "action_slack_param_message": "",
            "action_slack_param_webhook_url_override": "",
            "action_summary_index": false,
            "action_summary_index_command": "summaryindex spool=t uselb=t addtime=t index=\"$action.summary_index._name{required=yes}$\" file=\"$name_hash$_$#random$.stash_new\" name=\"$name$\" marker=\"$action.summary_index*{format=$KEY=\\\\\\\"$VAL\\\\\\\", key_regex=\"action.summary_index.(?!(?:command|forceCsvResults|force_realtime_schedule|inline|maxresults|maxtime|python\\\\.version|ttl|track_alert|(?:_.*))$)(.*)\"}$\"",
            "action_summary_index_hostname": "",
            "action_summary_index_inline": false,
            "action_summary_index_max_results": 10000,
            "action_summary_index_max_time": 0,
            "action_summary_index_name": "summary",
            "action_summary_index_track_alert": false,
            "action_summary_index_ttl": "120",
            "actions": "email",
            "alert_comparator": "",
            "alert_condition": "",
            "alert_digest_mode": false,
            "alert_expires": "24h",
            "alert_severity": 3,
            "alert_suppress": false,
            "alert_suppress_fields": "",
            "alert_suppress_period": "",
            "alert_threshold": "",
            "alert_track": false,
            "alert_type": "always",
            "allow_skew": "0",
            "auto_summarize": false,
            "auto_summarize_command": "| summarize override=partial timespan=$auto_summarize.timespan$ max_summary_size=$auto_summarize.max_summary_size$ max_summary_ratio=$auto_summarize.max_summary_ratio$ max_disabled_buckets=$auto_summarize.max_disabled_buckets$ max_time=$auto_summarize.max_time$ [ $search$ ]",
            "auto_summarize_cron_schedule": "*/10 * * * *",
            "auto_summarize_dispatch_earliest_time": "",
            "auto_summarize_dispatch_latest_time": "",
            "auto_summarize_dispatch_time_format": "%FT%T.%Q%:z",
            "auto_summarize_dispatch_ttl": "60",
            "auto_summarize_max_disabled_buckets": 2,
            "auto_summarize_max_summary_ratio": 0.1,
            "auto_summarize_max_summary_size": 52428800,
            "auto_summarize_max_time": 0,
            "auto_summarize_suspend_period": "24h",
            "auto_summarize_timespan": "",
            "cron_schedule": "*/15 * * * *",
            "description": "New search for user01",
            "disabled": false,
            "dispatch_buckets": 0,
            "dispatch_earliest_time": "rt-2000d",
            "dispatch_index_earliest": "",
            "dispatch_index_latest": "",
            "dispatch_indexed_realtime": false,
            "dispatch_indexed_realtime_minspan": 0,
            "dispatch_indexed_realtime_offset": 0,
            "dispatch_latest_time": "rt-0m",
            "dispatch_lookups": false,
            "dispatch_max_count": 500000,
            "dispatch_max_time": 0,
            "dispatch_reduce_freq": 10,
            "dispatch_rt_backfill": false,
            "dispatch_rt_maximum_span": 0,
            "dispatch_spawn_process": false,
            "dispatch_time_format": "%FT%T.%Q%:z",
            "dispatch_ttl": "2p",
            "display_view": "",
            "id": "new-search-02",
            "is_scheduled": false,
            "is_visible": true,
            "max_concurrent": 1,
            "name": "new-search-02",
            "realtime_schedule": false,
            "request_ui_dispatch_app": "",
            "request_ui_dispatch_view": "",
            "restart_on_searchpeer_add": false,
            "run_on_startup": false,
            "schedule_priority": "default",
            "schedule_window": "0",
            "search": "index = \"pricestutorial\" AND *World*",
            "vsid": "",
            "workload_pool": ""
          },
          "sensitive_attributes": [],
          "private": "eyJzY2hlbWFfdmVyc2lvbiI6IjEifQ=="
        }
      ]
    },
    {
      "mode": "managed",
      "type": "splunk_saved_searches",
      "name": "new-search-03",
      "provider": "provider[\"registry.terraform.io/splunk/splunk\"]",
      "instances": [
        {
          "schema_version": 1,
          "attributes": {
            "acl": [
              {
                "app": "search",
                "can_change_perms": true,
                "can_share_app": true,
                "can_share_global": true,
                "can_share_user": true,
                "can_write": true,
                "owner": "awsome",
                "read": [
                  "*"
                ],
                "removable": true,
                "sharing": "app",
                "write": [
                  "admin",
                  "power"
                ]
              }
            ],
            "action_email": true,
            "action_email_auth_password": "$7$ND3sXj8rySP3wdX1cQ3VmudNpQDdo9/zYcH45OETW9kkTsmmrXPz0dU=",
            "action_email_auth_username": "oayorinde@awsomellc.com",
            "action_email_bcc": "",
            "action_email_cc": "",
            "action_email_command": "$action.email.preprocess_results{default=\"\"}$ | sendemail \"results_link=$results.url$\" \"ssname=$name$\" \"graceful=$graceful{default=True}$\" \"trigger_time=$trigger_time$\" maxinputs=\"$action.email.maxresults{default=10000}$\" maxtime=\"$action.email.maxtime{default=5m}$\" results_file=\"$results.file$\"",
            "action_email_format": "table",
            "action_email_from": "splunk",
            "action_email_hostname": null,
            "action_email_include_results_link": 1,
            "action_email_include_search": 0,
            "action_email_include_trigger": 0,
            "action_email_include_trigger_time": 0,
            "action_email_include_view_link": 1,
            "action_email_inline": false,
            "action_email_mailserver": "smtp.gmail.com:465",
            "action_email_max_results": 10000,
            "action_email_max_time": "5m",
            "action_email_message_alert": "The alert condition for '$name$' was triggered.",
            "action_email_message_report": "The scheduled report '$name$' has run.",
            "action_email_pdfview": "",
            "action_email_preprocess_results": "",
            "action_email_report_cid_font_list": "gb cns jp kor",
            "action_email_report_include_splunk_logo": false,
            "action_email_report_paper_orientation": "portrait",
            "action_email_report_paper_size": "letter",
            "action_email_report_server_enabled": false,
            "action_email_report_server_url": "",
            "action_email_send_csv": 0,
            "action_email_send_pdf": false,
            "action_email_send_results": true,
            "action_email_subject": "Splunk Alert:$name$",
            "action_email_to": "oayorinde@awesomellc.com",
            "action_email_track_alert": true,
            "action_email_ttl": "86400",
            "action_email_use_ssl": false,
            "action_email_use_tls": false,
            "action_email_width_sort_columns": false,
            "action_populate_lookup": false,
            "action_populate_lookup_command": "copyresults dest=\"$action.populate_lookup.dest$\"  sid=\"$search_id$\"",
            "action_populate_lookup_dest": "",
            "action_populate_lookup_hostname": "",
            "action_populate_lookup_max_results": 10000,
            "action_populate_lookup_max_time": 0,
            "action_populate_lookup_track_alert": false,
            "action_populate_lookup_ttl": "120",
            "action_rss": false,
            "action_rss_command": "createrss \"path=$name$.xml\" \"name=$name$\" \"link=$results.url$\" \"descr=Alert trigger: $name$, results.count=$results.count$ \" \"count=30\" \"graceful=$graceful{default=1}$\" maxtime=\"$action.rss.maxtime{default=1m}$\"",
            "action_rss_hostname": "",
            "action_rss_max_results": 10000,
            "action_rss_max_time": 0,
            "action_rss_track_alert": false,
            "action_rss_ttl": "86400",
            "action_script": false,
            "action_script_command": "runshellscript \"$action.script.filename$\" \"$results.count$\" \"$search$\" \"$search$\" \"$name$\" \"Saved Search [$name$] $counttype$($results.count$)\" \"$results.url$\" \"$deprecated_arg$\" \"$search_id$\" \"$results.file$\" maxtime=\"$action.script.maxtime{default=5m}$\"",
            "action_script_filename": "",
            "action_script_hostname": "",
            "action_script_max_results": 10000,
            "action_script_max_time": 0,
            "action_script_track_alert": false,
            "action_script_ttl": "600",
            "action_slack_param_attachment": "none",
            "action_slack_param_channel": "",
            "action_slack_param_fields": "",
            "action_slack_param_message": "",
            "action_slack_param_webhook_url_override": "",
            "action_summary_index": false,
            "action_summary_index_command": "summaryindex spool=t uselb=t addtime=t index=\"$action.summary_index._name{required=yes}$\" file=\"$name_hash$_$#random$.stash_new\" name=\"$name$\" marker=\"$action.summary_index*{format=$KEY=\\\\\\\"$VAL\\\\\\\", key_regex=\"action.summary_index.(?!(?:command|forceCsvResults|force_realtime_schedule|inline|maxresults|maxtime|python\\\\.version|ttl|track_alert|(?:_.*))$)(.*)\"}$\"",
            "action_summary_index_hostname": "",
            "action_summary_index_inline": false,
            "action_summary_index_max_results": 10000,
            "action_summary_index_max_time": 0,
            "action_summary_index_name": "summary",
            "action_summary_index_track_alert": false,
            "action_summary_index_ttl": "120",
            "actions": "email",
            "alert_comparator": "less than",
            "alert_condition": "",
            "alert_digest_mode": false,
            "alert_expires": "24h",
            "alert_severity": 3,
            "alert_suppress": false,
            "alert_suppress_fields": "",
            "alert_suppress_period": "",
            "alert_threshold": "100",
            "alert_track": true,
            "alert_type": "number of events",
            "allow_skew": "0",
            "auto_summarize": false,
            "auto_summarize_command": "| summarize override=partial timespan=$auto_summarize.timespan$ max_summary_size=$auto_summarize.max_summary_size$ max_summary_ratio=$auto_summarize.max_summary_ratio$ max_disabled_buckets=$auto_summarize.max_disabled_buckets$ max_time=$auto_summarize.max_time$ [ $search$ ]",
            "auto_summarize_cron_schedule": "*/10 * * * *",
            "auto_summarize_dispatch_earliest_time": "",
            "auto_summarize_dispatch_latest_time": "",
            "auto_summarize_dispatch_time_format": "%FT%T.%Q%:z",
            "auto_summarize_dispatch_ttl": "60",
            "auto_summarize_max_disabled_buckets": 2,
            "auto_summarize_max_summary_ratio": 0.1,
            "auto_summarize_max_summary_size": 52428800,
            "auto_summarize_max_time": 0,
            "auto_summarize_suspend_period": "24h",
            "auto_summarize_timespan": "",
            "cron_schedule": "*/1 * * * *",
            "description": "New search for user03",
            "disabled": false,
            "dispatch_buckets": 0,
            "dispatch_earliest_time": "",
            "dispatch_index_earliest": "",
            "dispatch_index_latest": "",
            "dispatch_indexed_realtime": false,
            "dispatch_indexed_realtime_minspan": 0,
            "dispatch_indexed_realtime_offset": 0,
            "dispatch_latest_time": "",
            "dispatch_lookups": false,
            "dispatch_max_count": 500000,
            "dispatch_max_time": 0,
            "dispatch_reduce_freq": 10,
            "dispatch_rt_backfill": false,
            "dispatch_rt_maximum_span": 0,
            "dispatch_spawn_process": false,
            "dispatch_time_format": "%FT%T.%Q%:z",
            "dispatch_ttl": "2p",
            "display_view": "",
            "id": "new-search-03",
            "is_scheduled": true,
            "is_visible": true,
            "max_concurrent": 1,
            "name": "new-search-03",
            "realtime_schedule": false,
            "request_ui_dispatch_app": "",
            "request_ui_dispatch_view": "",
            "restart_on_searchpeer_add": false,
            "run_on_startup": false,
            "schedule_priority": "default",
            "schedule_window": "0",
            "search": "index = \"pricestutorial\" AND *Manganiello* | stats count(source) by product_name,_time",
            "vsid": "",
            "workload_pool": ""
          },
          "sensitive_attributes": [],
          "private": "eyJzY2hlbWFfdmVyc2lvbiI6IjEifQ=="
        }
      ]
    },
    {
      "mode": "managed",
      "type": "splunk_saved_searches",
      "name": "new-search-04",
      "provider": "provider[\"registry.terraform.io/splunk/splunk\"]",
      "instances": [
        {
          "schema_version": 1,
          "attributes": {
            "acl": [
              {
                "app": "search",
                "can_change_perms": true,
                "can_share_app": true,
                "can_share_global": true,
                "can_share_user": true,
                "can_write": true,
                "owner": "awsome",
                "read": [
                  "*"
                ],
                "removable": true,
                "sharing": "app",
                "write": [
                  "admin",
                  "power"
                ]
              }
            ],
            "action_email": true,
            "action_email_auth_password": "$7$ND3sXj8rySP3wdX1cQ3VmudNpQDdo9/zYcH45OETW9kkTsmmrXPz0dU=",
            "action_email_auth_username": "oayorinde@awsomellc.com",
            "action_email_bcc": "",
            "action_email_cc": "",
            "action_email_command": "$action.email.preprocess_results{default=\"\"}$ | sendemail \"results_link=$results.url$\" \"ssname=$name$\" \"graceful=$graceful{default=True}$\" \"trigger_time=$trigger_time$\" maxinputs=\"$action.email.maxresults{default=10000}$\" maxtime=\"$action.email.maxtime{default=5m}$\" results_file=\"$results.file$\"",
            "action_email_format": "table",
            "action_email_from": "splunk",
            "action_email_hostname": null,
            "action_email_include_results_link": 1,
            "action_email_include_search": 0,
            "action_email_include_trigger": 0,
            "action_email_include_trigger_time": 0,
            "action_email_include_view_link": 1,
            "action_email_inline": false,
            "action_email_mailserver": "smtp.gmail.com:465",
            "action_email_max_results": 10000,
            "action_email_max_time": "0m",
            "action_email_message_alert": "The alert condition for '$name$' was triggered.",
            "action_email_message_report": "The scheduled report '$name$' has run.",
            "action_email_pdfview": "",
            "action_email_preprocess_results": "",
            "action_email_report_cid_font_list": "gb cns jp kor",
            "action_email_report_include_splunk_logo": false,
            "action_email_report_paper_orientation": "portrait",
            "action_email_report_paper_size": "letter",
            "action_email_report_server_enabled": false,
            "action_email_report_server_url": "",
            "action_email_send_csv": 0,
            "action_email_send_pdf": false,
            "action_email_send_results": true,
            "action_email_subject": "Splunk Alert:$name$",
            "action_email_to": "oayorinde@awesomellc.com",
            "action_email_track_alert": true,
            "action_email_ttl": "86400",
            "action_email_use_ssl": false,
            "action_email_use_tls": false,
            "action_email_width_sort_columns": false,
            "action_populate_lookup": false,
            "action_populate_lookup_command": "copyresults dest=\"$action.populate_lookup.dest$\"  sid=\"$search_id$\"",
            "action_populate_lookup_dest": "",
            "action_populate_lookup_hostname": "",
            "action_populate_lookup_max_results": 10000,
            "action_populate_lookup_max_time": 0,
            "action_populate_lookup_track_alert": false,
            "action_populate_lookup_ttl": "120",
            "action_rss": false,
            "action_rss_command": "createrss \"path=$name$.xml\" \"name=$name$\" \"link=$results.url$\" \"descr=Alert trigger: $name$, results.count=$results.count$ \" \"count=30\" \"graceful=$graceful{default=1}$\" maxtime=\"$action.rss.maxtime{default=1m}$\"",
            "action_rss_hostname": "",
            "action_rss_max_results": 10000,
            "action_rss_max_time": 0,
            "action_rss_track_alert": false,
            "action_rss_ttl": "86400",
            "action_script": false,
            "action_script_command": "runshellscript \"$action.script.filename$\" \"$results.count$\" \"$search$\" \"$search$\" \"$name$\" \"Saved Search [$name$] $counttype$($results.count$)\" \"$results.url$\" \"$deprecated_arg$\" \"$search_id$\" \"$results.file$\" maxtime=\"$action.script.maxtime{default=5m}$\"",
            "action_script_filename": "",
            "action_script_hostname": "",
            "action_script_max_results": 10000,
            "action_script_max_time": 0,
            "action_script_track_alert": false,
            "action_script_ttl": "600",
            "action_slack_param_attachment": "none",
            "action_slack_param_channel": "",
            "action_slack_param_fields": "",
            "action_slack_param_message": "",
            "action_slack_param_webhook_url_override": "",
            "action_summary_index": false,
            "action_summary_index_command": "summaryindex spool=t uselb=t addtime=t index=\"$action.summary_index._name{required=yes}$\" file=\"$name_hash$_$#random$.stash_new\" name=\"$name$\" marker=\"$action.summary_index*{format=$KEY=\\\\\\\"$VAL\\\\\\\", key_regex=\"action.summary_index.(?!(?:command|forceCsvResults|force_realtime_schedule|inline|maxresults|maxtime|python\\\\.version|ttl|track_alert|(?:_.*))$)(.*)\"}$\"",
            "action_summary_index_hostname": "",
            "action_summary_index_inline": false,
            "action_summary_index_max_results": 10000,
            "action_summary_index_max_time": 0,
            "action_summary_index_name": "summary",
            "action_summary_index_track_alert": false,
            "action_summary_index_ttl": "120",
            "actions": "email",
            "alert_comparator": "greater than",
            "alert_condition": "search count \u003e 10",
            "alert_digest_mode": false,
            "alert_expires": "24h",
            "alert_severity": 3,
            "alert_suppress": false,
            "alert_suppress_fields": "",
            "alert_suppress_period": "",
            "alert_threshold": "0",
            "alert_track": true,
            "alert_type": "number of events",
            "allow_skew": "0",
            "auto_summarize": false,
            "auto_summarize_command": "| summarize override=partial timespan=$auto_summarize.timespan$ max_summary_size=$auto_summarize.max_summary_size$ max_summary_ratio=$auto_summarize.max_summary_ratio$ max_disabled_buckets=$auto_summarize.max_disabled_buckets$ max_time=$auto_summarize.max_time$ [ $search$ ]",
            "auto_summarize_cron_schedule": "*/10 * * * *",
            "auto_summarize_dispatch_earliest_time": "",
            "auto_summarize_dispatch_latest_time": "",
            "auto_summarize_dispatch_time_format": "%FT%T.%Q%:z",
            "auto_summarize_dispatch_ttl": "60",
            "auto_summarize_max_disabled_buckets": 2,
            "auto_summarize_max_summary_ratio": 0.1,
            "auto_summarize_max_summary_size": 52428800,
            "auto_summarize_max_time": 0,
            "auto_summarize_suspend_period": "24h",
            "auto_summarize_timespan": "",
            "cron_schedule": "*/15 * * * *",
            "description": "New search for user04",
            "disabled": false,
            "dispatch_buckets": 0,
            "dispatch_earliest_time": "",
            "dispatch_index_earliest": "",
            "dispatch_index_latest": "",
            "dispatch_indexed_realtime": false,
            "dispatch_indexed_realtime_minspan": 0,
            "dispatch_indexed_realtime_offset": 0,
            "dispatch_latest_time": "",
            "dispatch_lookups": false,
            "dispatch_max_count": 500000,
            "dispatch_max_time": 0,
            "dispatch_reduce_freq": 10,
            "dispatch_rt_backfill": false,
            "dispatch_rt_maximum_span": 0,
            "dispatch_spawn_process": false,
            "dispatch_time_format": "%FT%T.%Q%:z",
            "dispatch_ttl": "2p",
            "display_view": "",
            "id": "new-search-04",
            "is_scheduled": true,
            "is_visible": true,
            "max_concurrent": 1,
            "name": "new-search-04",
            "realtime_schedule": false,
            "request_ui_dispatch_app": "",
            "request_ui_dispatch_view": "",
            "restart_on_searchpeer_add": false,
            "run_on_startup": false,
            "schedule_priority": "default",
            "schedule_window": "0",
            "search": "index=\"pricestutorial\" | stats count as count",
            "vsid": "",
            "workload_pool": ""
          },
          "sensitive_attributes": [],
          "private": "eyJzY2hlbWFfdmVyc2lvbiI6IjEifQ=="
        }
      ]
    }
  ]
}
